
Microsoft Visual Studio Solution File, Format Version 12.00
# Visual Studio Version 17
VisualStudioVersion = 17.11.35303.130
MinimumVisualStudioVersion = 10.0.40219.1
Project("{2150E333-8FDC-42A3-9474-1A3956D46DE8}") = "Task0", "Task0", "{85E43C02-D058-4436-8A58-B218D8787C06}"
EndProject
Project("{9A19103F-16F7-4668-BE54-9A1E7A4F7556}") = "Tyuiu.ShakirovaGM.Sprint5.Task0.V22", "Tyuiu.ShakirovaGM.Sprint5.Task0.V22\Tyuiu.ShakirovaGM.Sprint5.Task0.V22.csproj", "{601ACD80-68E4-47FF-840A-893D6C86BBD4}"
EndProject
Project("{9A19103F-16F7-4668-BE54-9A1E7A4F7556}") = "Tyuiu.ShakirovaGM.Sprint5.Task0.V22.Lib", "Tyuiu.ShakirovaGM.Sprint5.Task0.V22.Lib\Tyuiu.ShakirovaGM.Sprint5.Task0.V22.Lib.csproj", "{4DB682DD-18E6-444B-95DA-941A0A5B1A88}"
EndProject
Project("{9A19103F-16F7-4668-BE54-9A1E7A4F7556}") = "Tyuiu.ShakirovaGM.Sprint5.Task0.V22.Test", "Tyuiu.ShakirovaGM.Sprint5.Task0.V22.Test\Tyuiu.ShakirovaGM.Sprint5.Task0.V22.Test.csproj", "{7000DABB-B002-4912-8CEE-55A291CF2006}"
EndProject
Project("{2150E333-8FDC-42A3-9474-1A3956D46DE8}") = "Task1", "Task1", "{A8E008CD-426F-4C05-8C13-A5F22895BBEC}"
EndProject
Project("{9A19103F-16F7-4668-BE54-9A1E7A4F7556}") = "Tyuiu.ShakirovaGM.Sprint5.Task1.V13", "Tyuiu.ShakirovaGM.Sprint5.Task1.V13\Tyuiu.ShakirovaGM.Sprint5.Task1.V13.csproj", "{4AE6859A-AC71-47EC-A403-5922082B19B4}"
EndProject
Project("{9A19103F-16F7-4668-BE54-9A1E7A4F7556}") = "Tyuiu.ShakirovaGM.Sprint5.Task1.V13.Lib", "Tyuiu.ShakirovaGM.Sprint5.Task1.V13.Lib\Tyuiu.ShakirovaGM.Sprint5.Task1.V13.Lib.csproj", "{EE84CAD3-4869-48B9-A16F-14C060339F5A}"
EndProject
Project("{9A19103F-16F7-4668-BE54-9A1E7A4F7556}") = "Tyuiu.ShakirovaGM.Sprint5.Task1.V13.Test", "Tyuiu.ShakirovaGM.Sprint5.Task1.V13.Test\Tyuiu.ShakirovaGM.Sprint5.Task1.V13.Test.csproj", "{8DB86A26-CDF5-44E0-B643-2AD2585EE033}"
EndProject
Project("{2150E333-8FDC-42A3-9474-1A3956D46DE8}") = "Task2", "Task2", "{60265B0F-19A0-4891-8D78-4BF0B9B8B315}"
EndProject
Project("{9A19103F-16F7-4668-BE54-9A1E7A4F7556}") = "Tyuiu.ShakirovaGM.Sprint5.Task2.V5", "Tyuiu.ShakirovaGM.Sprint5.Task2.V5\Tyuiu.ShakirovaGM.Sprint5.Task2.V5.csproj", "{C86A23D0-1C32-47AD-8965-4491A045450C}"
EndProject
Project("{9A19103F-16F7-4668-BE54-9A1E7A4F7556}") = "Tyuiu.ShakirovaGM.Sprint5.Task2.V5.Lib", "Tyuiu.ShakirovaGM.Sprint5.Task2.V5.Lib\Tyuiu.ShakirovaGM.Sprint5.Task2.V5.Lib.csproj", "{95514006-7B2A-4EA2-9CC5-DBCE16B2C256}"
EndProject
Project("{9A19103F-16F7-4668-BE54-9A1E7A4F7556}") = "Tyuiu.ShakirovaGM.Sprint5.Task2.V5.Test", "Tyuiu.ShakirovaGM.Sprint5.Task2.V5.Test\Tyuiu.ShakirovaGM.Sprint5.Task2.V5.Test.csproj", "{E1D8911B-C807-47FD-9AEC-BB400271A157}"
EndProject
Project("{2150E333-8FDC-42A3-9474-1A3956D46DE8}") = "Task3", "Task3", "{2055853F-B8DA-4A1D-88B2-61AD692573F8}"
EndProject
Project("{9A19103F-16F7-4668-BE54-9A1E7A4F7556}") = "Tyuiu.ShakirovaGM.Sprint5.Task3.V27", "Tyuiu.ShakirovaGM.Sprint5.Task3.V27\Tyuiu.ShakirovaGM.Sprint5.Task3.V27.csproj", "{596CE75B-F750-450F-9DC1-3A81C447675F}"
EndProject
Project("{9A19103F-16F7-4668-BE54-9A1E7A4F7556}") = "Tyuiu.ShakirovaGM.Sprint5.Task3.V27.Lib", "Tyuiu.ShakirovaGM.Sprint5.Task3.V27.Lib\Tyuiu.ShakirovaGM.Sprint5.Task3.V27.Lib.csproj", "{E09D09BA-4794-4EFC-90B0-6F28A4CD6269}"
EndProject
Project("{9A19103F-16F7-4668-BE54-9A1E7A4F7556}") = "Tyuiu.ShakirovaGM.Sprint5.Task3.V27.Test", "Tyuiu.ShakirovaGM.Sprint5.Task3.V27.Test\Tyuiu.ShakirovaGM.Sprint5.Task3.V27.Test.csproj", "{B20028EC-8D33-48AC-AAC2-6180493469D0}"
EndProject
Project("{2150E333-8FDC-42A3-9474-1A3956D46DE8}") = "Task4", "Task4", "{455BDDD0-1A0D-4455-9B3B-B145B185EA7D}"
EndProject
Project("{9A19103F-16F7-4668-BE54-9A1E7A4F7556}") = "Tyuiu.ShakirovaGM.Sprint5.Task4.V3", "Tyuiu.ShakirovaGM.Sprint5.Task4.V3\Tyuiu.ShakirovaGM.Sprint5.Task4.V3.csproj", "{C96AB3BE-C2D9-4AD6-AC89-AB29CCD2B242}"
EndProject
Project("{9A19103F-16F7-4668-BE54-9A1E7A4F7556}") = "Tyuiu.ShakirovaGM.Sprint5.Task4.V3.Lib", "Tyuiu.ShakirovaGM.Sprint5.Task4.V3.Lib\Tyuiu.ShakirovaGM.Sprint5.Task4.V3.Lib.csproj", "{2456F0BD-8C70-44D9-8E70-5BBDB63DF497}"
EndProject
Project("{9A19103F-16F7-4668-BE54-9A1E7A4F7556}") = "Tyuiu.ShakirovaGM.Sprint5.Task4.V3.Test", "Tyuiu.ShakirovaGM.Sprint5.Task4.V3.Test\Tyuiu.ShakirovaGM.Sprint5.Task4.V3.Test.csproj", "{36A9A0E5-C7C8-4418-A854-9F5CC4874D7C}"
EndProject
Project("{2150E333-8FDC-42A3-9474-1A3956D46DE8}") = "Task5", "Task5", "{8A386C38-1607-41AB-B689-643933B4C7EC}"
EndProject
Project("{9A19103F-16F7-4668-BE54-9A1E7A4F7556}") = "Tyuiu.ShakirovaGM.Sprint5.Task5.V26", "Tyuiu.ShakirovaGM.Sprint5.Task5.V26\Tyuiu.ShakirovaGM.Sprint5.Task5.V26.csproj", "{CFD8A97C-814B-47C0-8325-1409C4ECFA1B}"
EndProject
Project("{9A19103F-16F7-4668-BE54-9A1E7A4F7556}") = "Tyuiu.ShakirovaGM.Sprint5.Task5.V26.Lib", "Tyuiu.ShakirovaGM.Sprint5.Task5.V26.Lib\Tyuiu.ShakirovaGM.Sprint5.Task5.V26.Lib.csproj", "{394B8F17-2354-43DD-8332-782BA447BB85}"
EndProject
Project("{9A19103F-16F7-4668-BE54-9A1E7A4F7556}") = "Tyuiu.ShakirovaGM.Sprint5.Task5.V26.Test", "Tyuiu.ShakirovaGM.Sprint5.Task5.V26.Test\Tyuiu.ShakirovaGM.Sprint5.Task5.V26.Test.csproj", "{ED0448C8-DC09-49F8-BEE8-CDCADDFEDE8F}"
EndProject
Project("{2150E333-8FDC-42A3-9474-1A3956D46DE8}") = "Task7", "Task7", "{FE195679-D071-4CDA-8BAE-283212E2888F}"
EndProject
Project("{FAE04EC0-301F-11D3-BF4B-00C04F79EFBC}") = "Tyuiu.ShakirovaGM.Sprint5.Task7.V1", "Tyuiu.ShakirovaGM.Sprint5.Task7.V1\Tyuiu.ShakirovaGM.Sprint5.Task7.V1.csproj", "{A52312C2-441A-4E29-8A3D-F24C31991AE8}"
EndProject
Project("{FAE04EC0-301F-11D3-BF4B-00C04F79EFBC}") = "Tyuiu.ShakirovaGM.Sprint5.Task7.V1.Lib", "Tyuiu.ShakirovaGM.Sprint5.Task7.V1.Lib\Tyuiu.ShakirovaGM.Sprint5.Task7.V1.Lib.csproj", "{76513AE0-6638-4F7A-9109-B52C4B0AE52F}"
EndProject
Project("{FAE04EC0-301F-11D3-BF4B-00C04F79EFBC}") = "Tyuiu.ShakirovaGM.Sprint5.Task7.V1.Test", "Tyuiu.ShakirovaGM.Sprint5.Task7.V1.Test\Tyuiu.ShakirovaGM.Sprint5.Task7.V1.Test.csproj", "{7B1D7F52-2B7B-47E0-8411-3DC5ADAF20D1}"
EndProject
Global
	GlobalSection(SolutionConfigurationPlatforms) = preSolution
		Debug|Any CPU = Debug|Any CPU
		Release|Any CPU = Release|Any CPU
	EndGlobalSection
	GlobalSection(ProjectConfigurationPlatforms) = postSolution
		{601ACD80-68E4-47FF-840A-893D6C86BBD4}.Debug|Any CPU.ActiveCfg = Debug|Any CPU
		{601ACD80-68E4-47FF-840A-893D6C86BBD4}.Debug|Any CPU.Build.0 = Debug|Any CPU
		{601ACD80-68E4-47FF-840A-893D6C86BBD4}.Release|Any CPU.ActiveCfg = Release|Any CPU
		{601ACD80-68E4-47FF-840A-893D6C86BBD4}.Release|Any CPU.Build.0 = Release|Any CPU
		{4DB682DD-18E6-444B-95DA-941A0A5B1A88}.Debug|Any CPU.ActiveCfg = Debug|Any CPU
		{4DB682DD-18E6-444B-95DA-941A0A5B1A88}.Debug|Any CPU.Build.0 = Debug|Any CPU
		{4DB682DD-18E6-444B-95DA-941A0A5B1A88}.Release|Any CPU.ActiveCfg = Release|Any CPU
		{4DB682DD-18E6-444B-95DA-941A0A5B1A88}.Release|Any CPU.Build.0 = Release|Any CPU
		{7000DABB-B002-4912-8CEE-55A291CF2006}.Debug|Any CPU.ActiveCfg = Debug|Any CPU
		{7000DABB-B002-4912-8CEE-55A291CF2006}.Debug|Any CPU.Build.0 = Debug|Any CPU
		{7000DABB-B002-4912-8CEE-55A291CF2006}.Release|Any CPU.ActiveCfg = Release|Any CPU
		{7000DABB-B002-4912-8CEE-55A291CF2006}.Release|Any CPU.Build.0 = Release|Any CPU
		{4AE6859A-AC71-47EC-A403-5922082B19B4}.Debug|Any CPU.ActiveCfg = Debug|Any CPU
		{4AE6859A-AC71-47EC-A403-5922082B19B4}.Debug|Any CPU.Build.0 = Debug|Any CPU
		{4AE6859A-AC71-47EC-A403-5922082B19B4}.Release|Any CPU.ActiveCfg = Release|Any CPU
		{4AE6859A-AC71-47EC-A403-5922082B19B4}.Release|Any CPU.Build.0 = Release|Any CPU
		{EE84CAD3-4869-48B9-A16F-14C060339F5A}.Debug|Any CPU.ActiveCfg = Debug|Any CPU
		{EE84CAD3-4869-48B9-A16F-14C060339F5A}.Debug|Any CPU.Build.0 = Debug|Any CPU
		{EE84CAD3-4869-48B9-A16F-14C060339F5A}.Release|Any CPU.ActiveCfg = Release|Any CPU
		{EE84CAD3-4869-48B9-A16F-14C060339F5A}.Release|Any CPU.Build.0 = Release|Any CPU
		{8DB86A26-CDF5-44E0-B643-2AD2585EE033}.Debug|Any CPU.ActiveCfg = Debug|Any CPU
		{8DB86A26-CDF5-44E0-B643-2AD2585EE033}.Debug|Any CPU.Build.0 = Debug|Any CPU
		{8DB86A26-CDF5-44E0-B643-2AD2585EE033}.Release|Any CPU.ActiveCfg = Release|Any CPU
		{8DB86A26-CDF5-44E0-B643-2AD2585EE033}.Release|Any CPU.Build.0 = Release|Any CPU
		{C86A23D0-1C32-47AD-8965-4491A045450C}.Debug|Any CPU.ActiveCfg = Debug|Any CPU
		{C86A23D0-1C32-47AD-8965-4491A045450C}.Debug|Any CPU.Build.0 = Debug|Any CPU
		{C86A23D0-1C32-47AD-8965-4491A045450C}.Release|Any CPU.ActiveCfg = Release|Any CPU
		{C86A23D0-1C32-47AD-8965-4491A045450C}.Release|Any CPU.Build.0 = Release|Any CPU
		{95514006-7B2A-4EA2-9CC5-DBCE16B2C256}.Debug|Any CPU.ActiveCfg = Debug|Any CPU
		{95514006-7B2A-4EA2-9CC5-DBCE16B2C256}.Debug|Any CPU.Build.0 = Debug|Any CPU
		{95514006-7B2A-4EA2-9CC5-DBCE16B2C256}.Release|Any CPU.ActiveCfg = Release|Any CPU
		{95514006-7B2A-4EA2-9CC5-DBCE16B2C256}.Release|Any CPU.Build.0 = Release|Any CPU
		{E1D8911B-C807-47FD-9AEC-BB400271A157}.Debug|Any CPU.ActiveCfg = Debug|Any CPU
		{E1D8911B-C807-47FD-9AEC-BB400271A157}.Debug|Any CPU.Build.0 = Debug|Any CPU
		{E1D8911B-C807-47FD-9AEC-BB400271A157}.Release|Any CPU.ActiveCfg = Release|Any CPU
		{E1D8911B-C807-47FD-9AEC-BB400271A157}.Release|Any CPU.Build.0 = Release|Any CPU
		{596CE75B-F750-450F-9DC1-3A81C447675F}.Debug|Any CPU.ActiveCfg = Debug|Any CPU
		{596CE75B-F750-450F-9DC1-3A81C447675F}.Debug|Any CPU.Build.0 = Debug|Any CPU
		{596CE75B-F750-450F-9DC1-3A81C447675F}.Release|Any CPU.ActiveCfg = Release|Any CPU
		{596CE75B-F750-450F-9DC1-3A81C447675F}.Release|Any CPU.Build.0 = Release|Any CPU
		{E09D09BA-4794-4EFC-90B0-6F28A4CD6269}.Debug|Any CPU.ActiveCfg = Debug|Any CPU
		{E09D09BA-4794-4EFC-90B0-6F28A4CD6269}.Debug|Any CPU.Build.0 = Debug|Any CPU
		{E09D09BA-4794-4EFC-90B0-6F28A4CD6269}.Release|Any CPU.ActiveCfg = Release|Any CPU
		{E09D09BA-4794-4EFC-90B0-6F28A4CD6269}.Release|Any CPU.Build.0 = Release|Any CPU
		{B20028EC-8D33-48AC-AAC2-6180493469D0}.Debug|Any CPU.ActiveCfg = Debug|Any CPU
		{B20028EC-8D33-48AC-AAC2-6180493469D0}.Debug|Any CPU.Build.0 = Debug|Any CPU
		{B20028EC-8D33-48AC-AAC2-6180493469D0}.Release|Any CPU.ActiveCfg = Release|Any CPU
		{B20028EC-8D33-48AC-AAC2-6180493469D0}.Release|Any CPU.Build.0 = Release|Any CPU
		{C96AB3BE-C2D9-4AD6-AC89-AB29CCD2B242}.Debug|Any CPU.ActiveCfg = Debug|Any CPU
		{C96AB3BE-C2D9-4AD6-AC89-AB29CCD2B242}.Debug|Any CPU.Build.0 = Debug|Any CPU
		{C96AB3BE-C2D9-4AD6-AC89-AB29CCD2B242}.Release|Any CPU.ActiveCfg = Release|Any CPU
		{C96AB3BE-C2D9-4AD6-AC89-AB29CCD2B242}.Release|Any CPU.Build.0 = Release|Any CPU
		{2456F0BD-8C70-44D9-8E70-5BBDB63DF497}.Debug|Any CPU.ActiveCfg = Debug|Any CPU
		{2456F0BD-8C70-44D9-8E70-5BBDB63DF497}.Debug|Any CPU.Build.0 = Debug|Any CPU
		{2456F0BD-8C70-44D9-8E70-5BBDB63DF497}.Release|Any CPU.ActiveCfg = Release|Any CPU
		{2456F0BD-8C70-44D9-8E70-5BBDB63DF497}.Release|Any CPU.Build.0 = Release|Any CPU
		{36A9A0E5-C7C8-4418-A854-9F5CC4874D7C}.Debug|Any CPU.ActiveCfg = Debug|Any CPU
		{36A9A0E5-C7C8-4418-A854-9F5CC4874D7C}.Debug|Any CPU.Build.0 = Debug|Any CPU
		{36A9A0E5-C7C8-4418-A854-9F5CC4874D7C}.Release|Any CPU.ActiveCfg = Release|Any CPU
		{36A9A0E5-C7C8-4418-A854-9F5CC4874D7C}.Release|Any CPU.Build.0 = Release|Any CPU
		{CFD8A97C-814B-47C0-8325-1409C4ECFA1B}.Debug|Any CPU.ActiveCfg = Debug|Any CPU
		{CFD8A97C-814B-47C0-8325-1409C4ECFA1B}.Debug|Any CPU.Build.0 = Debug|Any CPU
		{CFD8A97C-814B-47C0-8325-1409C4ECFA1B}.Release|Any CPU.ActiveCfg = Release|Any CPU
		{CFD8A97C-814B-47C0-8325-1409C4ECFA1B}.Release|Any CPU.Build.0 = Release|Any CPU
		{394B8F17-2354-43DD-8332-782BA447BB85}.Debug|Any CPU.ActiveCfg = Debug|Any CPU
		{394B8F17-2354-43DD-8332-782BA447BB85}.Debug|Any CPU.Build.0 = Debug|Any CPU
		{394B8F17-2354-43DD-8332-782BA447BB85}.Release|Any CPU.ActiveCfg = Release|Any CPU
		{394B8F17-2354-43DD-8332-782BA447BB85}.Release|Any CPU.Build.0 = Release|Any CPU
		{ED0448C8-DC09-49F8-BEE8-CDCADDFEDE8F}.Debug|Any CPU.ActiveCfg = Debug|Any CPU
		{ED0448C8-DC09-49F8-BEE8-CDCADDFEDE8F}.Debug|Any CPU.Build.0 = Debug|Any CPU
		{ED0448C8-DC09-49F8-BEE8-CDCADDFEDE8F}.Release|Any CPU.ActiveCfg = Release|Any CPU
		{ED0448C8-DC09-49F8-BEE8-CDCADDFEDE8F}.Release|Any CPU.Build.0 = Release|Any CPU
		{A52312C2-441A-4E29-8A3D-F24C31991AE8}.Debug|Any CPU.ActiveCfg = Debug|Any CPU
		{A52312C2-441A-4E29-8A3D-F24C31991AE8}.Debug|Any CPU.Build.0 = Debug|Any CPU
		{A52312C2-441A-4E29-8A3D-F24C31991AE8}.Release|Any CPU.ActiveCfg = Release|Any CPU
		{A52312C2-441A-4E29-8A3D-F24C31991AE8}.Release|Any CPU.Build.0 = Release|Any CPU
		{76513AE0-6638-4F7A-9109-B52C4B0AE52F}.Debug|Any CPU.ActiveCfg = Debug|Any CPU
		{76513AE0-6638-4F7A-9109-B52C4B0AE52F}.Debug|Any CPU.Build.0 = Debug|Any CPU
		{76513AE0-6638-4F7A-9109-B52C4B0AE52F}.Release|Any CPU.ActiveCfg = Release|Any CPU
		{76513AE0-6638-4F7A-9109-B52C4B0AE52F}.Release|Any CPU.Build.0 = Release|Any CPU
		{7B1D7F52-2B7B-47E0-8411-3DC5ADAF20D1}.Debug|Any CPU.ActiveCfg = Debug|Any CPU
		{7B1D7F52-2B7B-47E0-8411-3DC5ADAF20D1}.Debug|Any CPU.Build.0 = Debug|Any CPU
		{7B1D7F52-2B7B-47E0-8411-3DC5ADAF20D1}.Release|Any CPU.ActiveCfg = Release|Any CPU
		{7B1D7F52-2B7B-47E0-8411-3DC5ADAF20D1}.Release|Any CPU.Build.0 = Release|Any CPU
	EndGlobalSection
	GlobalSection(SolutionProperties) = preSolution
		HideSolutionNode = FALSE
	EndGlobalSection
	GlobalSection(NestedProjects) = preSolution
		{601ACD80-68E4-47FF-840A-893D6C86BBD4} = {85E43C02-D058-4436-8A58-B218D8787C06}
		{4DB682DD-18E6-444B-95DA-941A0A5B1A88} = {85E43C02-D058-4436-8A58-B218D8787C06}
		{7000DABB-B002-4912-8CEE-55A291CF2006} = {85E43C02-D058-4436-8A58-B218D8787C06}
		{4AE6859A-AC71-47EC-A403-5922082B19B4} = {A8E008CD-426F-4C05-8C13-A5F22895BBEC}
		{EE84CAD3-4869-48B9-A16F-14C060339F5A} = {A8E008CD-426F-4C05-8C13-A5F22895BBEC}
		{8DB86A26-CDF5-44E0-B643-2AD2585EE033} = {A8E008CD-426F-4C05-8C13-A5F22895BBEC}
		{C86A23D0-1C32-47AD-8965-4491A045450C} = {60265B0F-19A0-4891-8D78-4BF0B9B8B315}
		{95514006-7B2A-4EA2-9CC5-DBCE16B2C256} = {60265B0F-19A0-4891-8D78-4BF0B9B8B315}
		{E1D8911B-C807-47FD-9AEC-BB400271A157} = {60265B0F-19A0-4891-8D78-4BF0B9B8B315}
		{596CE75B-F750-450F-9DC1-3A81C447675F} = {2055853F-B8DA-4A1D-88B2-61AD692573F8}
		{E09D09BA-4794-4EFC-90B0-6F28A4CD6269} = {2055853F-B8DA-4A1D-88B2-61AD692573F8}
		{B20028EC-8D33-48AC-AAC2-6180493469D0} = {2055853F-B8DA-4A1D-88B2-61AD692573F8}
		{C96AB3BE-C2D9-4AD6-AC89-AB29CCD2B242} = {455BDDD0-1A0D-4455-9B3B-B145B185EA7D}
		{2456F0BD-8C70-44D9-8E70-5BBDB63DF497} = {455BDDD0-1A0D-4455-9B3B-B145B185EA7D}
		{36A9A0E5-C7C8-4418-A854-9F5CC4874D7C} = {455BDDD0-1A0D-4455-9B3B-B145B185EA7D}
		{CFD8A97C-814B-47C0-8325-1409C4ECFA1B} = {8A386C38-1607-41AB-B689-643933B4C7EC}
		{394B8F17-2354-43DD-8332-782BA447BB85} = {8A386C38-1607-41AB-B689-643933B4C7EC}
		{ED0448C8-DC09-49F8-BEE8-CDCADDFEDE8F} = {8A386C38-1607-41AB-B689-643933B4C7EC}
		{A52312C2-441A-4E29-8A3D-F24C31991AE8} = {FE195679-D071-4CDA-8BAE-283212E2888F}
		{76513AE0-6638-4F7A-9109-B52C4B0AE52F} = {FE195679-D071-4CDA-8BAE-283212E2888F}
		{7B1D7F52-2B7B-47E0-8411-3DC5ADAF20D1} = {FE195679-D071-4CDA-8BAE-283212E2888F}
	EndGlobalSection
	GlobalSection(ExtensibilityGlobals) = postSolution
		SolutionGuid = {63452A5C-12FF-4233-80BE-850BB7F8EF8F}
	EndGlobalSection
EndGlobal
